
Microsoft Visual Studio Solution File, Format Version 12.00
# Visual Studio Version 17
VisualStudioVersion = 17.7.34003.232
MinimumVisualStudioVersion = 10.0.40219.1
Project("{FAE04EC0-301F-11D3-BF4B-00C04F79EFBC}") = "GameZone", "GameZone.csproj", "{C4B8EBFA-EC96-4F70-ACCE-9A6646363BB9}"
EndProject
Global
	GlobalSection(SolutionConfigurationPlatforms) = preSolution
		Debug|Any CPU = Debug|Any CPU
		Release|Any CPU = Release|Any CPU
	EndGlobalSection
	GlobalSection(ProjectConfigurationPlatforms) = postSolution
		{C4B8EBFA-EC96-4F70-ACCE-9A6646363BB9}.Debug|Any CPU.ActiveCfg = Debug|Any CPU
		{C4B8EBFA-EC96-4F70-ACCE-9A6646363BB9}.Debug|Any CPU.Build.0 = Debug|Any CPU
		{C4B8EBFA-EC96-4F70-ACCE-9A6646363BB9}.Release|Any CPU.ActiveCfg = Release|Any CPU
		{C4B8EBFA-EC96-4F70-ACCE-9A6646363BB9}.Release|Any CPU.Build.0 = Release|Any CPU
	EndGlobalSection
	GlobalSection(SolutionProperties) = preSolution
		HideSolutionNode = FALSE
	EndGlobalSection
	GlobalSection(ExtensibilityGlobals) = postSolution
		SolutionGuid = {B5FA75B4-F3C2-42C0-88C3-E4B9B6F20465}
	EndGlobalSection
EndGlobal
